
Microsoft Visual Studio Solution File, Format Version 12.00
# Visual Studio Version 16
VisualStudioVersion = 16.0.32228.343
MinimumVisualStudioVersion = 10.0.40219.1
Project("{FAE04EC0-301F-11D3-BF4B-00C04F79EFBC}") = "MementoDesignPattern", "MementoDesignPattern\MementoDesignPattern.csproj", "{A8A40653-8860-4EFE-A09F-E08B4E5664A2}"
EndProject
Global
	GlobalSection(SolutionConfigurationPlatforms) = preSolution
		Debug|Any CPU = Debug|Any CPU
		Release|Any CPU = Release|Any CPU
	EndGlobalSection
	GlobalSection(ProjectConfigurationPlatforms) = postSolution
		{A8A40653-8860-4EFE-A09F-E08B4E5664A2}.Debug|Any CPU.ActiveCfg = Debug|Any CPU
		{A8A40653-8860-4EFE-A09F-E08B4E5664A2}.Debug|Any CPU.Build.0 = Debug|Any CPU
		{A8A40653-8860-4EFE-A09F-E08B4E5664A2}.Release|Any CPU.ActiveCfg = Release|Any CPU
		{A8A40653-8860-4EFE-A09F-E08B4E5664A2}.Release|Any CPU.Build.0 = Release|Any CPU
	EndGlobalSection
	GlobalSection(SolutionProperties) = preSolution
		HideSolutionNode = FALSE
	EndGlobalSection
	GlobalSection(ExtensibilityGlobals) = postSolution
		SolutionGuid = {526197FE-238F-425F-BC84-B366F5CF4777}
	EndGlobalSection
EndGlobal
